
Microsoft Visual Studio Solution File, Format Version 12.00
# Visual Studio Version 16
VisualStudioVersion = 16.0.28803.156
MinimumVisualStudioVersion = 10.0.40219.1
Project("{9A19103F-16F7-4668-BE54-9A1E7A4F7556}") = "SpamKarma", "SpamKarma\SpamKarma.csproj", "{FA4D35F2-58A4-413C-B444-E5A2A1BCBE5D}"
EndProject
Project("{FAE04EC0-301F-11D3-BF4B-00C04F79EFBC}") = "SpamKarmaService", "SpamKarmaService\SpamKarmaService.csproj", "{804D8CB5-F101-4F88-B9F8-38E89B7D91F8}"
EndProject
Project("{FAE04EC0-301F-11D3-BF4B-00C04F79EFBC}") = "SpamKarmaBase", "SpamKarmaBase\SpamKarmaBase.csproj", "{BFBE6002-CCE7-49DA-8980-4E81835BEE1E}"
EndProject
Global
	GlobalSection(SolutionConfigurationPlatforms) = preSolution
		Debug|Any CPU = Debug|Any CPU
		Release|Any CPU = Release|Any CPU
	EndGlobalSection
	GlobalSection(ProjectConfigurationPlatforms) = postSolution
		{FA4D35F2-58A4-413C-B444-E5A2A1BCBE5D}.Debug|Any CPU.ActiveCfg = Debug|Any CPU
		{FA4D35F2-58A4-413C-B444-E5A2A1BCBE5D}.Debug|Any CPU.Build.0 = Debug|Any CPU
		{FA4D35F2-58A4-413C-B444-E5A2A1BCBE5D}.Release|Any CPU.ActiveCfg = Release|Any CPU
		{FA4D35F2-58A4-413C-B444-E5A2A1BCBE5D}.Release|Any CPU.Build.0 = Release|Any CPU
		{804D8CB5-F101-4F88-B9F8-38E89B7D91F8}.Debug|Any CPU.ActiveCfg = Debug|Any CPU
		{804D8CB5-F101-4F88-B9F8-38E89B7D91F8}.Debug|Any CPU.Build.0 = Debug|Any CPU
		{804D8CB5-F101-4F88-B9F8-38E89B7D91F8}.Release|Any CPU.ActiveCfg = Release|Any CPU
		{804D8CB5-F101-4F88-B9F8-38E89B7D91F8}.Release|Any CPU.Build.0 = Release|Any CPU
		{BFBE6002-CCE7-49DA-8980-4E81835BEE1E}.Debug|Any CPU.ActiveCfg = Debug|Any CPU
		{BFBE6002-CCE7-49DA-8980-4E81835BEE1E}.Debug|Any CPU.Build.0 = Debug|Any CPU
		{BFBE6002-CCE7-49DA-8980-4E81835BEE1E}.Release|Any CPU.ActiveCfg = Release|Any CPU
		{BFBE6002-CCE7-49DA-8980-4E81835BEE1E}.Release|Any CPU.Build.0 = Release|Any CPU
	EndGlobalSection
	GlobalSection(SolutionProperties) = preSolution
		HideSolutionNode = FALSE
	EndGlobalSection
	GlobalSection(ExtensibilityGlobals) = postSolution
		SolutionGuid = {C111E044-8A18-429E-B0AE-932BE7B01C51}
	EndGlobalSection
EndGlobal
